{"1.2.0",
[{<<"app_config">>,
  {git,"https://github.com/leapsight/app_config.git",
       {ref,"6c4aee8fc3d08b59e22183a530cb4ce29d4b348b"}},
  0},
 {<<"backoff">>,{pkg,<<"backoff">>,<<"1.1.6">>},0},
 {<<"key_value">>,
  {git,"https://github.com/leapsight/key_value.git",
       {ref,"cf0143bf3a91c1d41ace9ef938e314307c80bd1f"}},
  1},
 {<<"pooler">>,
  {git,"https://github.com/epgsql/pooler.git",
       {ref,"bb2638c4b5977bcf4be1c3f1ea2ec54d4c49af77"}},
  0},
 {<<"riak_pb">>,
  {git,"https://github.com/ivano9/riak_pb",
       {ref,"00170298313d76a7c125280b53398189066333ea"}},
  1},
 {<<"riakc">>,
  {git,"https://github.com/ivano9/riak-erlang-client.git",
       {ref,"2b2ce5607f5b640bcaa2ffa92d28c04c9eea50a8"}},
  0},
 {<<"telemetry">>,{pkg,<<"telemetry">>,<<"1.4.2">>},0}]}.
[
{pkg_hash,[
 {<<"backoff">>, <<"83B72ED2108BA1EE8F7D1C22E0B4A00CFE3593A67DBC792799E8CCE9F42F796B">>},
 {<<"telemetry">>, <<"A0CB522801DFFB1C49FE6E30561BADFFC7B6D0E180DB1300DF759FAA22062855">>}]},
{pkg_hash_ext,[
 {<<"backoff">>, <<"CF0CFFF8995FB20562F822E5CC47D8CCF664C5ECDC26A684CBE85C225F9D7C39">>},
 {<<"telemetry">>, <<"928F6495066506077862C0D1646609EED891A4326BEE3126BA54B60AF61FEBB1">>}]}
].
